
Microsoft Visual Studio Solution File, Format Version 12.00
# Visual Studio Version 16
VisualStudioVersion = 16.0.30804.86
MinimumVisualStudioVersion = 10.0.40219.1
Project("{9A19103F-16F7-4668-BE54-9A1E7A4F7556}") = "Ders1CSharp", "Ders1CSharp\Ders1CSharp.csproj", "{0B49BA4C-48E3-4D6B-8AE5-936B26E7EF6B}"
EndProject
Project("{9A19103F-16F7-4668-BE54-9A1E7A4F7556}") = "Donguler", "Donguler\Donguler.csproj", "{2CA9B86C-1CE2-4F87-9450-B9306A453F82}"
EndProject
Project("{9A19103F-16F7-4668-BE54-9A1E7A4F7556}") = "ClassGiris", "ClassGiris\ClassGiris.csproj", "{1A393652-7A21-43B3-B8C1-7DAE9994CAE2}"
EndProject
Project("{9A19103F-16F7-4668-BE54-9A1E7A4F7556}") = "Metotlar", "Metotlar\Metotlar.csproj", "{31B575F9-A0B1-42BC-908D-FE724E8E3982}"
EndProject
Project("{9A19103F-16F7-4668-BE54-9A1E7A4F7556}") = "Matematik", "Matematik\Matematik.csproj", "{B1EF88D1-6FA5-425C-A9AC-632B30CDF441}"
EndProject
Project("{9A19103F-16F7-4668-BE54-9A1E7A4F7556}") = "DegerVeReferansTipler", "DegerVeReferansTipler\DegerVeReferansTipler.csproj", "{75326378-245A-4793-B92C-278E313DC4F3}"
EndProject
Project("{9A19103F-16F7-4668-BE54-9A1E7A4F7556}") = "OOP1", "OOP1\OOP1.csproj", "{70FFE9F6-8374-473E-B94D-87D244F9601B}"
EndProject
Project("{9A19103F-16F7-4668-BE54-9A1E7A4F7556}") = "Koleksiyonlar", "Koleksiyonlar\Koleksiyonlar.csproj", "{14979F8A-D556-4A08-9827-1FF43B7D8C77}"
EndProject
Project("{9A19103F-16F7-4668-BE54-9A1E7A4F7556}") = "GenericsIntro", "GenericsIntro\GenericsIntro.csproj", "{CDEC535A-66DD-40E5-B0D9-8670C516AD1F}"
EndProject
Project("{FAE04EC0-301F-11D3-BF4B-00C04F79EFBC}") = "OOP2", "OOP2\OOP2.csproj", "{FAD44BF5-5CBC-4763-BFAB-344148E273A9}"
EndProject
Project("{FAE04EC0-301F-11D3-BF4B-00C04F79EFBC}") = "OOP3", "OOP3\OOP3.csproj", "{2537B434-EDBC-4E30-A028-141254504FFA}"
EndProject
Global
	GlobalSection(SolutionConfigurationPlatforms) = preSolution
		Debug|Any CPU = Debug|Any CPU
		Release|Any CPU = Release|Any CPU
	EndGlobalSection
	GlobalSection(ProjectConfigurationPlatforms) = postSolution
		{0B49BA4C-48E3-4D6B-8AE5-936B26E7EF6B}.Debug|Any CPU.ActiveCfg = Debug|Any CPU
		{0B49BA4C-48E3-4D6B-8AE5-936B26E7EF6B}.Debug|Any CPU.Build.0 = Debug|Any CPU
		{0B49BA4C-48E3-4D6B-8AE5-936B26E7EF6B}.Release|Any CPU.ActiveCfg = Release|Any CPU
		{0B49BA4C-48E3-4D6B-8AE5-936B26E7EF6B}.Release|Any CPU.Build.0 = Release|Any CPU
		{2CA9B86C-1CE2-4F87-9450-B9306A453F82}.Debug|Any CPU.ActiveCfg = Debug|Any CPU
		{2CA9B86C-1CE2-4F87-9450-B9306A453F82}.Debug|Any CPU.Build.0 = Debug|Any CPU
		{2CA9B86C-1CE2-4F87-9450-B9306A453F82}.Release|Any CPU.ActiveCfg = Release|Any CPU
		{2CA9B86C-1CE2-4F87-9450-B9306A453F82}.Release|Any CPU.Build.0 = Release|Any CPU
		{1A393652-7A21-43B3-B8C1-7DAE9994CAE2}.Debug|Any CPU.ActiveCfg = Debug|Any CPU
		{1A393652-7A21-43B3-B8C1-7DAE9994CAE2}.Debug|Any CPU.Build.0 = Debug|Any CPU
		{1A393652-7A21-43B3-B8C1-7DAE9994CAE2}.Release|Any CPU.ActiveCfg = Release|Any CPU
		{1A393652-7A21-43B3-B8C1-7DAE9994CAE2}.Release|Any CPU.Build.0 = Release|Any CPU
		{31B575F9-A0B1-42BC-908D-FE724E8E3982}.Debug|Any CPU.ActiveCfg = Debug|Any CPU
		{31B575F9-A0B1-42BC-908D-FE724E8E3982}.Debug|Any CPU.Build.0 = Debug|Any CPU
		{31B575F9-A0B1-42BC-908D-FE724E8E3982}.Release|Any CPU.ActiveCfg = Release|Any CPU
		{31B575F9-A0B1-42BC-908D-FE724E8E3982}.Release|Any CPU.Build.0 = Release|Any CPU
		{B1EF88D1-6FA5-425C-A9AC-632B30CDF441}.Debug|Any CPU.ActiveCfg = Debug|Any CPU
		{B1EF88D1-6FA5-425C-A9AC-632B30CDF441}.Debug|Any CPU.Build.0 = Debug|Any CPU
		{B1EF88D1-6FA5-425C-A9AC-632B30CDF441}.Release|Any CPU.ActiveCfg = Release|Any CPU
		{B1EF88D1-6FA5-425C-A9AC-632B30CDF441}.Release|Any CPU.Build.0 = Release|Any CPU
		{75326378-245A-4793-B92C-278E313DC4F3}.Debug|Any CPU.ActiveCfg = Debug|Any CPU
		{75326378-245A-4793-B92C-278E313DC4F3}.Debug|Any CPU.Build.0 = Debug|Any CPU
		{75326378-245A-4793-B92C-278E313DC4F3}.Release|Any CPU.ActiveCfg = Release|Any CPU
		{75326378-245A-4793-B92C-278E313DC4F3}.Release|Any CPU.Build.0 = Release|Any CPU
		{70FFE9F6-8374-473E-B94D-87D244F9601B}.Debug|Any CPU.ActiveCfg = Debug|Any CPU
		{70FFE9F6-8374-473E-B94D-87D244F9601B}.Debug|Any CPU.Build.0 = Debug|Any CPU
		{70FFE9F6-8374-473E-B94D-87D244F9601B}.Release|Any CPU.ActiveCfg = Release|Any CPU
		{70FFE9F6-8374-473E-B94D-87D244F9601B}.Release|Any CPU.Build.0 = Release|Any CPU
		{14979F8A-D556-4A08-9827-1FF43B7D8C77}.Debug|Any CPU.ActiveCfg = Debug|Any CPU
		{14979F8A-D556-4A08-9827-1FF43B7D8C77}.Debug|Any CPU.Build.0 = Debug|Any CPU
		{14979F8A-D556-4A08-9827-1FF43B7D8C77}.Release|Any CPU.ActiveCfg = Release|Any CPU
		{14979F8A-D556-4A08-9827-1FF43B7D8C77}.Release|Any CPU.Build.0 = Release|Any CPU
		{CDEC535A-66DD-40E5-B0D9-8670C516AD1F}.Debug|Any CPU.ActiveCfg = Debug|Any CPU
		{CDEC535A-66DD-40E5-B0D9-8670C516AD1F}.Debug|Any CPU.Build.0 = Debug|Any CPU
		{CDEC535A-66DD-40E5-B0D9-8670C516AD1F}.Release|Any CPU.ActiveCfg = Release|Any CPU
		{CDEC535A-66DD-40E5-B0D9-8670C516AD1F}.Release|Any CPU.Build.0 = Release|Any CPU
		{FAD44BF5-5CBC-4763-BFAB-344148E273A9}.Debug|Any CPU.ActiveCfg = Debug|Any CPU
		{FAD44BF5-5CBC-4763-BFAB-344148E273A9}.Debug|Any CPU.Build.0 = Debug|Any CPU
		{FAD44BF5-5CBC-4763-BFAB-344148E273A9}.Release|Any CPU.ActiveCfg = Release|Any CPU
		{FAD44BF5-5CBC-4763-BFAB-344148E273A9}.Release|Any CPU.Build.0 = Release|Any CPU
		{2537B434-EDBC-4E30-A028-141254504FFA}.Debug|Any CPU.ActiveCfg = Debug|Any CPU
		{2537B434-EDBC-4E30-A028-141254504FFA}.Debug|Any CPU.Build.0 = Debug|Any CPU
		{2537B434-EDBC-4E30-A028-141254504FFA}.Release|Any CPU.ActiveCfg = Release|Any CPU
		{2537B434-EDBC-4E30-A028-141254504FFA}.Release|Any CPU.Build.0 = Release|Any CPU
	EndGlobalSection
	GlobalSection(SolutionProperties) = preSolution
		HideSolutionNode = FALSE
	EndGlobalSection
	GlobalSection(ExtensibilityGlobals) = postSolution
		SolutionGuid = {AFF1620D-EF72-459B-978F-5FED3BACC5A1}
	EndGlobalSection
EndGlobal
